
Microsoft Visual Studio Solution File, Format Version 12.00
# Visual Studio Version 16
VisualStudioVersion = 16.0.29009.5
MinimumVisualStudioVersion = 10.0.40219.1
Project("{FAE04EC0-301F-11D3-BF4B-00C04F79EFBC}") = "Enlevo", "Enlevo\Enlevo.csproj", "{E17CE382-2530-42CC-A873-EE392D50887C}"
EndProject
Global
	GlobalSection(SolutionConfigurationPlatforms) = preSolution
		Debug|Any CPU = Debug|Any CPU
		Release|Any CPU = Release|Any CPU
	EndGlobalSection
	GlobalSection(ProjectConfigurationPlatforms) = postSolution
		{E17CE382-2530-42CC-A873-EE392D50887C}.Debug|Any CPU.ActiveCfg = Debug|Any CPU
		{E17CE382-2530-42CC-A873-EE392D50887C}.Debug|Any CPU.Build.0 = Debug|Any CPU
		{E17CE382-2530-42CC-A873-EE392D50887C}.Release|Any CPU.ActiveCfg = Release|Any CPU
		{E17CE382-2530-42CC-A873-EE392D50887C}.Release|Any CPU.Build.0 = Release|Any CPU
	EndGlobalSection
	GlobalSection(SolutionProperties) = preSolution
		HideSolutionNode = FALSE
	EndGlobalSection
	GlobalSection(ExtensibilityGlobals) = postSolution
		SolutionGuid = {CF0A3327-7B00-4104-A395-0628C4F7C290}
	EndGlobalSection
EndGlobal
